// !$*UTF8*$!
{
	archiveVersion = 1;
	classes = {
	};
	objectVersion = 48;
	objects = {

/* Begin PBXBuildFile section */
		6571CB011FC5E871007AF8D5 /* AppDelegate.swift in Sources */ = {isa = PBXBuildFile; fileRef = 6571CB001FC5E871007AF8D5 /* AppDelegate.swift */; };
		6571CB031FC5E871007AF8D5 /* CommentsViewController.swift in Sources */ = {isa = PBXBuildFile; fileRef = 6571CB021FC5E871007AF8D5 /* CommentsViewController.swift */; };
		6571CB061FC5E871007AF8D5 /* Main.storyboard in Resources */ = {isa = PBXBuildFile; fileRef = 6571CB041FC5E871007AF8D5 /* Main.storyboard */; };
		6571CB081FC5E871007AF8D5 /* Assets.xcassets in Resources */ = {isa = PBXBuildFile; fileRef = 6571CB071FC5E871007AF8D5 /* Assets.xcassets */; };
		6571CB0B1FC5E871007AF8D5 /* LaunchScreen.storyboard in Resources */ = {isa = PBXBuildFile; fileRef = 6571CB091FC5E871007AF8D5 /* LaunchScreen.storyboard */; };
		6571CB1D1FC5EB6B007AF8D5 /* CommentCell.swift in Sources */ = {isa = PBXBuildFile; fileRef = 6571CB1C1FC5EB6B007AF8D5 /* CommentCell.swift */; };
		6571CB1F1FC5EDCB007AF8D5 /* Comments.swift in Sources */ = {isa = PBXBuildFile; fileRef = 6571CB1E1FC5EDCB007AF8D5 /* Comments.swift */; };
		6571CB211FC5EE25007AF8D5 /* NetworkService.swift in Sources */ = {isa = PBXBuildFile; fileRef = 6571CB201FC5EE25007AF8D5 /* NetworkService.swift */; };
		6571CB241FC5F281007AF8D5 /* CommentNetworkService.swift in Sources */ = {isa = PBXBuildFile; fileRef = 6571CB231FC5F281007AF8D5 /* CommentNetworkService.swift */; };
		6571CB261FC5F453007AF8D5 /* GetCommentResponse.swift in Sources */ = {isa = PBXBuildFile; fileRef = 6571CB251FC5F453007AF8D5 /* GetCommentResponse.swift */; };
		6571CB291FC5F61B007AF8D5 /* NetworkError.swift in Sources */ = {isa = PBXBuildFile; fileRef = 6571CB281FC5F61B007AF8D5 /* NetworkError.swift */; };
/* End PBXBuildFile section */

/* Begin PBXFileReference section */
		6571CAFD1FC5E871007AF8D5 /* MVC.app */ = {isa = PBXFileReference; explicitFileType = wrapper.application; includeInIndex = 0; path = MVC.app; sourceTree = BUILT_PRODUCTS_DIR; };
		6571CB001FC5E871007AF8D5 /* AppDelegate.swift */ = {isa = PBXFileReference; lastKnownFileType = sourcecode.swift; path = AppDelegate.swift; sourceTree = "<group>"; };
		6571CB021FC5E871007AF8D5 /* CommentsViewController.swift */ = {isa = PBXFileReference; lastKnownFileType = sourcecode.swift; path = CommentsViewController.swift; sourceTree = "<group>"; };
		6571CB051FC5E871007AF8D5 /* Base */ = {isa = PBXFileReference; lastKnownFileType = file.storyboard; name = Base; path = Base.lproj/Main.storyboard; sourceTree = "<group>"; };
		6571CB071FC5E871007AF8D5 /* Assets.xcassets */ = {isa = PBXFileReference; lastKnownFileType = folder.assetcatalog; path = Assets.xcassets; sourceTree = "<group>"; };
		6571CB0A1FC5E871007AF8D5 /* Base */ = {isa = PBXFileReference; lastKnownFileType = file.storyboard; name = Base; path = Base.lproj/LaunchScreen.storyboard; sourceTree = "<group>"; };
		6571CB0C1FC5E871007AF8D5 /* Info.plist */ = {isa = PBXFileReference; lastKnownFileType = text.plist.xml; path = Info.plist; sourceTree = "<group>"; };
		6571CB1C1FC5EB6B007AF8D5 /* CommentCell.swift */ = {isa = PBXFileReference; lastKnownFileType = sourcecode.swift; path = CommentCell.swift; sourceTree = "<group>"; };
		6571CB1E1FC5EDCB007AF8D5 /* Comments.swift */ = {isa = PBXFileReference; lastKnownFileType = sourcecode.swift; path = Comments.swift; sourceTree = "<group>"; };
		6571CB201FC5EE25007AF8D5 /* NetworkService.swift */ = {isa = PBXFileReference; lastKnownFileType = sourcecode.swift; path = NetworkService.swift; sourceTree = "<group>"; };
		6571CB231FC5F281007AF8D5 /* CommentNetworkService.swift */ = {isa = PBXFileReference; lastKnownFileType = sourcecode.swift; path = CommentNetworkService.swift; sourceTree = "<group>"; };
		6571CB251FC5F453007AF8D5 /* GetCommentResponse.swift */ = {isa = PBXFileReference; lastKnownFileType = sourcecode.swift; path = GetCommentResponse.swift; sourceTree = "<group>"; };
		6571CB281FC5F61B007AF8D5 /* NetworkError.swift */ = {isa = PBXFileReference; lastKnownFileType = sourcecode.swift; path = NetworkError.swift; sourceTree = "<group>"; };
/* End PBXFileReference section */

/* Begin PBXFrameworksBuildPhase section */
		6571CAFA1FC5E871007AF8D5 /* Frameworks */ = {
			isa = PBXFrameworksBuildPhase;
			buildActionMask = 2147483647;
			files = (
			);
			runOnlyForDeploymentPostprocessing = 0;
		};
/* End PBXFrameworksBuildPhase section */

/* Begin PBXGroup section */
		6571CAF41FC5E871007AF8D5 = {
			isa = PBXGroup;
			children = (
				6571CAFF1FC5E871007AF8D5 /* MVC */,
				6571CAFE1FC5E871007AF8D5 /* Products */,
			);
			sourceTree = "<group>";
		};
		6571CAFE1FC5E871007AF8D5 /* Products */ = {
			isa = PBXGroup;
			children = (
				6571CAFD1FC5E871007AF8D5 /* MVC.app */,
			);
			name = Products;
			sourceTree = "<group>";
		};
		6571CAFF1FC5E871007AF8D5 /* MVC */ = {
			isa = PBXGroup;
			children = (
				6571CB131FC5E8DD007AF8D5 /* Aplication */,
				6571CB181FC5E92F007AF8D5 /* Comments */,
				6571CB121FC5E8AC007AF8D5 /* SupportingFiles */,
			);
			path = MVC;
			sourceTree = "<group>";
		};
		6571CB121FC5E8AC007AF8D5 /* SupportingFiles */ = {
			isa = PBXGroup;
			children = (
				6571CB071FC5E871007AF8D5 /* Assets.xcassets */,
				6571CB0C1FC5E871007AF8D5 /* Info.plist */,
			);
			path = SupportingFiles;
			sourceTree = "<group>";
		};
		6571CB131FC5E8DD007AF8D5 /* Aplication */ = {
			isa = PBXGroup;
			children = (
				6571CB161FC5E903007AF8D5 /* View */,
				6571CB151FC5E8F7007AF8D5 /* Controller */,
				6571CB141FC5E8F0007AF8D5 /* Model */,
				6571CB171FC5E90B007AF8D5 /* NetworkService */,
			);
			path = Aplication;
			sourceTree = "<group>";
		};
		6571CB141FC5E8F0007AF8D5 /* Model */ = {
			isa = PBXGroup;
			children = (
				6571CB281FC5F61B007AF8D5 /* NetworkError.swift */,
			);
			path = Model;
			sourceTree = "<group>";
		};
		6571CB151FC5E8F7007AF8D5 /* Controller */ = {
			isa = PBXGroup;
			children = (
				6571CB001FC5E871007AF8D5 /* AppDelegate.swift */,
			);
			path = Controller;
			sourceTree = "<group>";
		};
		6571CB161FC5E903007AF8D5 /* View */ = {
			isa = PBXGroup;
			children = (
				6571CB091FC5E871007AF8D5 /* LaunchScreen.storyboard */,
			);
			path = View;
			sourceTree = "<group>";
		};
		6571CB171FC5E90B007AF8D5 /* NetworkService */ = {
			isa = PBXGroup;
			children = (
				6571CB201FC5EE25007AF8D5 /* NetworkService.swift */,
			);
			path = NetworkService;
			sourceTree = "<group>";
		};
		6571CB181FC5E92F007AF8D5 /* Comments */ = {
			isa = PBXGroup;
			children = (
				6571CB191FC5E94B007AF8D5 /* Model */,
				6571CB1A1FC5E951007AF8D5 /* View */,
				6571CB1B1FC5E957007AF8D5 /* Controller */,
				6571CB221FC5F235007AF8D5 /* CommentNetworkService */,
			);
			path = Comments;
			sourceTree = "<group>";
		};
		6571CB191FC5E94B007AF8D5 /* Model */ = {
			isa = PBXGroup;
			children = (
				6571CB271FC5F4FF007AF8D5 /* Responses */,
				6571CB1E1FC5EDCB007AF8D5 /* Comments.swift */,
			);
			path = Model;
			sourceTree = "<group>";
		};
		6571CB1A1FC5E951007AF8D5 /* View */ = {
			isa = PBXGroup;
			children = (
				6571CB041FC5E871007AF8D5 /* Main.storyboard */,
				6571CB1C1FC5EB6B007AF8D5 /* CommentCell.swift */,
			);
			path = View;
			sourceTree = "<group>";
		};
		6571CB1B1FC5E957007AF8D5 /* Controller */ = {
			isa = PBXGroup;
			children = (
				6571CB021FC5E871007AF8D5 /* CommentsViewController.swift */,
			);
			path = Controller;
			sourceTree = "<group>";
		};
		6571CB221FC5F235007AF8D5 /* CommentNetworkService */ = {
			isa = PBXGroup;
			children = (
				6571CB231FC5F281007AF8D5 /* CommentNetworkService.swift */,
			);
			path = CommentNetworkService;
			sourceTree = "<group>";
		};
		6571CB271FC5F4FF007AF8D5 /* Responses */ = {
			isa = PBXGroup;
			children = (
				6571CB251FC5F453007AF8D5 /* GetCommentResponse.swift */,
			);
			path = Responses;
			sourceTree = "<group>";
		};
/* End PBXGroup section */

/* Begin PBXNativeTarget section */
		6571CAFC1FC5E871007AF8D5 /* MVC */ = {
			isa = PBXNativeTarget;
			buildConfigurationList = 6571CB0F1FC5E871007AF8D5 /* Build configuration list for PBXNativeTarget "MVC" */;
			buildPhases = (
				6571CAF91FC5E871007AF8D5 /* Sources */,
				6571CAFA1FC5E871007AF8D5 /* Frameworks */,
				6571CAFB1FC5E871007AF8D5 /* Resources */,
			);
			buildRules = (
			);
			dependencies = (
			);
			name = MVC;
			productName = MVC;
			productReference = 6571CAFD1FC5E871007AF8D5 /* MVC.app */;
			productType = "com.apple.product-type.application";
		};
/* End PBXNativeTarget section */

/* Begin PBXProject section */
		6571CAF51FC5E871007AF8D5 /* Project object */ = {
			isa = PBXProject;
			attributes = {
				LastSwiftUpdateCheck = 0910;
				LastUpgradeCheck = 0910;
				ORGANIZATIONNAME = AlexAlexAlex;
				TargetAttributes = {
					6571CAFC1FC5E871007AF8D5 = {
						CreatedOnToolsVersion = 9.1;
						ProvisioningStyle = Automatic;
					};
				};
			};
			buildConfigurationList = 6571CAF81FC5E871007AF8D5 /* Build configuration list for PBXProject "MVC" */;
			compatibilityVersion = "Xcode 8.0";
			developmentRegion = en;
			hasScannedForEncodings = 0;
			knownRegions = (
				en,
				Base,
			);
			mainGroup = 6571CAF41FC5E871007AF8D5;
			productRefGroup = 6571CAFE1FC5E871007AF8D5 /* Products */;
			projectDirPath = "";
			projectRoot = "";
			targets = (
				6571CAFC1FC5E871007AF8D5 /* MVC */,
			);
		};
/* End PBXProject section */

/* Begin PBXResourcesBuildPhase section */
		6571CAFB1FC5E871007AF8D5 /* Resources */ = {
			isa = PBXResourcesBuildPhase;
			buildActionMask = 2147483647;
			files = (
				6571CB0B1FC5E871007AF8D5 /* LaunchScreen.storyboard in Resources */,
				6571CB081FC5E871007AF8D5 /* Assets.xcassets in Resources */,
				6571CB061FC5E871007AF8D5 /* Main.storyboard in Resources */,
			);
			runOnlyForDeploymentPostprocessing = 0;
		};
/* End PBXResourcesBuildPhase section */

/* Begin PBXSourcesBuildPhase section */
		6571CAF91FC5E871007AF8D5 /* Sources */ = {
			isa = PBXSourcesBuildPhase;
			buildActionMask = 2147483647;
			files = (
				6571CB211FC5EE25007AF8D5 /* NetworkService.swift in Sources */,
				6571CB291FC5F61B007AF8D5 /* NetworkError.swift in Sources */,
				6571CB031FC5E871007AF8D5 /* CommentsViewController.swift in Sources */,
				6571CB011FC5E871007AF8D5 /* AppDelegate.swift in Sources */,
				6571CB261FC5F453007AF8D5 /* GetCommentResponse.swift in Sources */,
				6571CB1D1FC5EB6B007AF8D5 /* CommentCell.swift in Sources */,
				6571CB241FC5F281007AF8D5 /* CommentNetworkService.swift in Sources */,
				6571CB1F1FC5EDCB007AF8D5 /* Comments.swift in Sources */,
			);
			runOnlyForDeploymentPostprocessing = 0;
		};
/* End PBXSourcesBuildPhase section */

/* Begin PBXVariantGroup section */
		6571CB041FC5E871007AF8D5 /* Main.storyboard */ = {
			isa = PBXVariantGroup;
			children = (
				6571CB051FC5E871007AF8D5 /* Base */,
			);
			name = Main.storyboard;
			sourceTree = "<group>";
		};
		6571CB091FC5E871007AF8D5 /* LaunchScreen.storyboard */ = {
			isa = PBXVariantGroup;
			children = (
				6571CB0A1FC5E871007AF8D5 /* Base */,
			);
			name = LaunchScreen.storyboard;
			sourceTree = "<group>";
		};
/* End PBXVariantGroup section */

/* Begin XCBuildConfiguration section */
		6571CB0D1FC5E871007AF8D5 /* Debug */ = {
			isa = XCBuildConfiguration;
			buildSettings = {
				ALWAYS_SEARCH_USER_PATHS = NO;
				CLANG_ANALYZER_NONNULL = YES;
				CLANG_ANALYZER_NUMBER_OBJECT_CONVERSION = YES_AGGRESSIVE;
				CLANG_CXX_LANGUAGE_STANDARD = "gnu++14";
				CLANG_CXX_LIBRARY = "libc++";
				CLANG_ENABLE_MODULES = YES;
				CLANG_ENABLE_OBJC_ARC = YES;
				CLANG_WARN_BLOCK_CAPTURE_AUTORELEASING = YES;
				CLANG_WARN_BOOL_CONVERSION = YES;
				CLANG_WARN_COMMA = YES;
				CLANG_WARN_CONSTANT_CONVERSION = YES;
				CLANG_WARN_DIRECT_OBJC_ISA_USAGE = YES_ERROR;
				CLANG_WARN_DOCUMENTATION_COMMENTS = YES;
				CLANG_WARN_EMPTY_BODY = YES;
				CLANG_WARN_ENUM_CONVERSION = YES;
				CLANG_WARN_INFINITE_RECURSION = YES;
				CLANG_WARN_INT_CONVERSION = YES;
				CLANG_WARN_NON_LITERAL_NULL_CONVERSION = YES;
				CLANG_WARN_OBJC_LITERAL_CONVERSION = YES;
				CLANG_WARN_OBJC_ROOT_CLASS = YES_ERROR;
				CLANG_WARN_RANGE_LOOP_ANALYSIS = YES;
				CLANG_WARN_STRICT_PROTOTYPES = YES;
				CLANG_WARN_SUSPICIOUS_MOVE = YES;
				CLANG_WARN_UNGUARDED_AVAILABILITY = YES_AGGRESSIVE;
				CLANG_WARN_UNREACHABLE_CODE = YES;
				CLANG_WARN__DUPLICATE_METHOD_MATCH = YES;
				CODE_SIGN_IDENTITY = "iPhone Developer";
				COPY_PHASE_STRIP = NO;
				DEBUG_INFORMATION_FORMAT = dwarf;
				ENABLE_STRICT_OBJC_MSGSEND = YES;
				ENABLE_TESTABILITY = YES;
				GCC_C_LANGUAGE_STANDARD = gnu11;
				GCC_DYNAMIC_NO_PIC = NO;
				GCC_NO_COMMON_BLOCKS = YES;
				GCC_OPTIMIZATION_LEVEL = 0;
				GCC_PREPROCESSOR_DEFINITIONS = (
					"DEBUG=1",
					"$(inherited)",
				);
				GCC_WARN_64_TO_32_BIT_CONVERSION = YES;
				GCC_WARN_ABOUT_RETURN_TYPE = YES_ERROR;
				GCC_WARN_UNDECLARED_SELECTOR = YES;
				GCC_WARN_UNINITIALIZED_AUTOS = YES_AGGRESSIVE;
				GCC_WARN_UNUSED_FUNCTION = YES;
				GCC_WARN_UNUSED_VARIABLE = YES;
				IPHONEOS_DEPLOYMENT_TARGET = 11.1;
				MTL_ENABLE_DEBUG_INFO = YES;
				ONLY_ACTIVE_ARCH = YES;
				SDKROOT = iphoneos;
				SWIFT_ACTIVE_COMPILATION_CONDITIONS = DEBUG;
				SWIFT_OPTIMIZATION_LEVEL = "-Onone";
			};
			name = Debug;
		};
		6571CB0E1FC5E871007AF8D5 /* Release */ = {
			isa = XCBuildConfiguration;
			buildSettings = {
				ALWAYS_SEARCH_USER_PATHS = NO;
				CLANG_ANALYZER_NONNULL = YES;
				CLANG_ANALYZER_NUMBER_OBJECT_CONVERSION = YES_AGGRESSIVE;
				CLANG_CXX_LANGUAGE_STANDARD = "gnu++14";
				CLANG_CXX_LIBRARY = "libc++";
				CLANG_ENABLE_MODULES = YES;
				CLANG_ENABLE_OBJC_ARC = YES;
				CLANG_WARN_BLOCK_CAPTURE_AUTORELEASING = YES;
				CLANG_WARN_BOOL_CONVERSION = YES;
				CLANG_WARN_COMMA = YES;
				CLANG_WARN_CONSTANT_CONVERSION = YES;
				CLANG_WARN_DIRECT_OBJC_ISA_USAGE = YES_ERROR;
				CLANG_WARN_DOCUMENTATION_COMMENTS = YES;
				CLANG_WARN_EMPTY_BODY = YES;
				CLANG_WARN_ENUM_CONVERSION = YES;
				CLANG_WARN_INFINITE_RECURSION = YES;
				CLANG_WARN_INT_CONVERSION = YES;
				CLANG_WARN_NON_LITERAL_NULL_CONVERSION = YES;
				CLANG_WARN_OBJC_LITERAL_CONVERSION = YES;
				CLANG_WARN_OBJC_ROOT_CLASS = YES_ERROR;
				CLANG_WARN_RANGE_LOOP_ANALYSIS = YES;
				CLANG_WARN_STRICT_PROTOTYPES = YES;
				CLANG_WARN_SUSPICIOUS_MOVE = YES;
				CLANG_WARN_UNGUARDED_AVAILABILITY = YES_AGGRESSIVE;
				CLANG_WARN_UNREACHABLE_CODE = YES;
				CLANG_WARN__DUPLICATE_METHOD_MATCH = YES;
				CODE_SIGN_IDENTITY = "iPhone Developer";
				COPY_PHASE_STRIP = NO;
				DEBUG_INFORMATION_FORMAT = "dwarf-with-dsym";
				ENABLE_NS_ASSERTIONS = NO;
				ENABLE_STRICT_OBJC_MSGSEND = YES;
				GCC_C_LANGUAGE_STANDARD = gnu11;
				GCC_NO_COMMON_BLOCKS = YES;
				GCC_WARN_64_TO_32_BIT_CONVERSION = YES;
				GCC_WARN_ABOUT_RETURN_TYPE = YES_ERROR;
				GCC_WARN_UNDECLARED_SELECTOR = YES;
				GCC_WARN_UNINITIALIZED_AUTOS = YES_AGGRESSIVE;
				GCC_WARN_UNUSED_FUNCTION = YES;
				GCC_WARN_UNUSED_VARIABLE = YES;
				IPHONEOS_DEPLOYMENT_TARGET = 11.1;
				MTL_ENABLE_DEBUG_INFO = NO;
				SDKROOT = iphoneos;
				SWIFT_OPTIMIZATION_LEVEL = "-Owholemodule";
				VALIDATE_PRODUCT = YES;
			};
			name = Release;
		};
		6571CB101FC5E871007AF8D5 /* Debug */ = {
			isa = XCBuildConfiguration;
			buildSettings = {
				ASSETCATALOG_COMPILER_APPICON_NAME = AppIcon;
				CODE_SIGN_STYLE = Automatic;
				INFOPLIST_FILE = "$(SRCROOT)/MVC/SupportingFiles/Info.plist";
				LD_RUNPATH_SEARCH_PATHS = "$(inherited) @executable_path/Frameworks";
				PRODUCT_BUNDLE_IDENTIFIER = AlexCorp.MVC;
				PRODUCT_NAME = "$(TARGET_NAME)";
				SWIFT_VERSION = 4.0;
				TARGETED_DEVICE_FAMILY = "1,2";
			};
			name = Debug;
		};
		6571CB111FC5E871007AF8D5 /* Release */ = {
			isa = XCBuildConfiguration;
			buildSettings = {
				ASSETCATALOG_COMPILER_APPICON_NAME = AppIcon;
				CODE_SIGN_STYLE = Automatic;
				INFOPLIST_FILE = "$(SRCROOT)/MVC/SupportingFiles/Info.plist";
				LD_RUNPATH_SEARCH_PATHS = "$(inherited) @executable_path/Frameworks";
				PRODUCT_BUNDLE_IDENTIFIER = AlexCorp.MVC;
				PRODUCT_NAME = "$(TARGET_NAME)";
				SWIFT_VERSION = 4.0;
				TARGETED_DEVICE_FAMILY = "1,2";
			};
			name = Release;
		};
/* End XCBuildConfiguration section */

/* Begin XCConfigurationList section */
		6571CAF81FC5E871007AF8D5 /* Build configuration list for PBXProject "MVC" */ = {
			isa = XCConfigurationList;
			buildConfigurations = (
				6571CB0D1FC5E871007AF8D5 /* Debug */,
				6571CB0E1FC5E871007AF8D5 /* Release */,
			);
			defaultConfigurationIsVisible = 0;
			defaultConfigurationName = Release;
		};
		6571CB0F1FC5E871007AF8D5 /* Build configuration list for PBXNativeTarget "MVC" */ = {
			isa = XCConfigurationList;
			buildConfigurations = (
				6571CB101FC5E871007AF8D5 /* Debug */,
				6571CB111FC5E871007AF8D5 /* Release */,
			);
			defaultConfigurationIsVisible = 0;
			defaultConfigurationName = Release;
		};
/* End XCConfigurationList section */
	};
	rootObject = 6571CAF51FC5E871007AF8D5 /* Project object */;
}
